
Microsoft Visual Studio Solution File, Format Version 11.00
# Visual Studio 2010
Project("{FAE04EC0-301F-11D3-BF4B-00C04F79EFBC}") = "Nimbus", "Nimbus.csproj", "{A3F93640-A7E6-44B2-B5A2-377F38584D5F}"
EndProject
Project("{2150E333-8FDC-42A3-9474-1A3956D46DE8}") = "Solution Items", "Solution Items", "{E6375B71-46F7-468C-8E3B-F65D94A7204A}"
	ProjectSection(SolutionItems) = preProject
		Local.testsettings = Local.testsettings
		Nimbus.vsmdi = Nimbus.vsmdi
		TraceAndTestImpact.testsettings = TraceAndTestImpact.testsettings
	EndProjectSection
EndProject
Project("{CC5FD16D-436D-48AD-A40C-5A424C6E3E79}") = "NimbusSAAS", "..\NimbusSAAS\NimbusSAAS.ccproj", "{760F4808-20DB-4F3E-9681-5789E29C2598}"
EndProject
Project("{FAE04EC0-301F-11D3-BF4B-00C04F79EFBC}") = "NimbusWebservice", "NimbusWebservice\NimbusWebservice.csproj", "{523035FE-0B07-44D7-BF84-F1A027B14052}"
EndProject
Project("{FAE04EC0-301F-11D3-BF4B-00C04F79EFBC}") = "NimbusCruncher", "NimbusCruncher\NimbusCruncher.csproj", "{954D5698-FC22-4002-B161-F83130BFA40D}"
EndProject
Project("{FAE04EC0-301F-11D3-BF4B-00C04F79EFBC}") = "Driver", "..\mongodb-mongo-csharp-driver\Driver\Driver.csproj", "{AE5166CD-76B0-4911-BD80-CED9521F37A1}"
EndProject
Project("{FAE04EC0-301F-11D3-BF4B-00C04F79EFBC}") = "Bson", "..\mongodb-mongo-csharp-driver\Bson\Bson.csproj", "{0E9A3A2A-49CD-4F6C-847C-DC79B4B65CE6}"
EndProject
Project("{FAE04EC0-301F-11D3-BF4B-00C04F79EFBC}") = "SourceAFIS", "..\SourceAFIS\SourceAFIS.csproj", "{35075900-98B2-4F73-A8FE-11E0D2182689}"
EndProject
Project("{FAE04EC0-301F-11D3-BF4B-00C04F79EFBC}") = "Entities", "Entities\Entities.csproj", "{7A7EB1A6-F67A-49C2-9661-A324A124B85C}"
EndProject
Project("{FAE04EC0-301F-11D3-BF4B-00C04F79EFBC}") = "NimbusTests", "..\NimbusTests\NimbusTests.csproj", "{7DA729CA-9A0E-4DA3-9E28-50BBD701E7A5}"
EndProject
Global
	GlobalSection(TestCaseManagementSettings) = postSolution
		CategoryFile = Nimbus.vsmdi
	EndGlobalSection
	GlobalSection(SolutionConfigurationPlatforms) = preSolution
		Debug|Any CPU = Debug|Any CPU
		Release|Any CPU = Release|Any CPU
	EndGlobalSection
	GlobalSection(ProjectConfigurationPlatforms) = postSolution
		{A3F93640-A7E6-44B2-B5A2-377F38584D5F}.Debug|Any CPU.ActiveCfg = Debug|Any CPU
		{A3F93640-A7E6-44B2-B5A2-377F38584D5F}.Debug|Any CPU.Build.0 = Debug|Any CPU
		{A3F93640-A7E6-44B2-B5A2-377F38584D5F}.Release|Any CPU.ActiveCfg = Release|Any CPU
		{A3F93640-A7E6-44B2-B5A2-377F38584D5F}.Release|Any CPU.Build.0 = Release|Any CPU
		{760F4808-20DB-4F3E-9681-5789E29C2598}.Debug|Any CPU.ActiveCfg = Debug|Any CPU
		{760F4808-20DB-4F3E-9681-5789E29C2598}.Debug|Any CPU.Build.0 = Debug|Any CPU
		{760F4808-20DB-4F3E-9681-5789E29C2598}.Release|Any CPU.ActiveCfg = Release|Any CPU
		{760F4808-20DB-4F3E-9681-5789E29C2598}.Release|Any CPU.Build.0 = Release|Any CPU
		{523035FE-0B07-44D7-BF84-F1A027B14052}.Debug|Any CPU.ActiveCfg = Debug|Any CPU
		{523035FE-0B07-44D7-BF84-F1A027B14052}.Debug|Any CPU.Build.0 = Debug|Any CPU
		{523035FE-0B07-44D7-BF84-F1A027B14052}.Release|Any CPU.ActiveCfg = Release|Any CPU
		{523035FE-0B07-44D7-BF84-F1A027B14052}.Release|Any CPU.Build.0 = Release|Any CPU
		{954D5698-FC22-4002-B161-F83130BFA40D}.Debug|Any CPU.ActiveCfg = Debug|Any CPU
		{954D5698-FC22-4002-B161-F83130BFA40D}.Debug|Any CPU.Build.0 = Debug|Any CPU
		{954D5698-FC22-4002-B161-F83130BFA40D}.Release|Any CPU.ActiveCfg = Release|Any CPU
		{954D5698-FC22-4002-B161-F83130BFA40D}.Release|Any CPU.Build.0 = Release|Any CPU
		{AE5166CD-76B0-4911-BD80-CED9521F37A1}.Debug|Any CPU.ActiveCfg = Debug|Any CPU
		{AE5166CD-76B0-4911-BD80-CED9521F37A1}.Debug|Any CPU.Build.0 = Debug|Any CPU
		{AE5166CD-76B0-4911-BD80-CED9521F37A1}.Release|Any CPU.ActiveCfg = Release|Any CPU
		{AE5166CD-76B0-4911-BD80-CED9521F37A1}.Release|Any CPU.Build.0 = Release|Any CPU
		{0E9A3A2A-49CD-4F6C-847C-DC79B4B65CE6}.Debug|Any CPU.ActiveCfg = Debug|Any CPU
		{0E9A3A2A-49CD-4F6C-847C-DC79B4B65CE6}.Debug|Any CPU.Build.0 = Debug|Any CPU
		{0E9A3A2A-49CD-4F6C-847C-DC79B4B65CE6}.Release|Any CPU.ActiveCfg = Release|Any CPU
		{0E9A3A2A-49CD-4F6C-847C-DC79B4B65CE6}.Release|Any CPU.Build.0 = Release|Any CPU
		{35075900-98B2-4F73-A8FE-11E0D2182689}.Debug|Any CPU.ActiveCfg = Debug|Any CPU
		{35075900-98B2-4F73-A8FE-11E0D2182689}.Debug|Any CPU.Build.0 = Debug|Any CPU
		{35075900-98B2-4F73-A8FE-11E0D2182689}.Release|Any CPU.ActiveCfg = Release|Any CPU
		{35075900-98B2-4F73-A8FE-11E0D2182689}.Release|Any CPU.Build.0 = Release|Any CPU
		{7A7EB1A6-F67A-49C2-9661-A324A124B85C}.Debug|Any CPU.ActiveCfg = Debug|Any CPU
		{7A7EB1A6-F67A-49C2-9661-A324A124B85C}.Debug|Any CPU.Build.0 = Debug|Any CPU
		{7A7EB1A6-F67A-49C2-9661-A324A124B85C}.Release|Any CPU.ActiveCfg = Release|Any CPU
		{7A7EB1A6-F67A-49C2-9661-A324A124B85C}.Release|Any CPU.Build.0 = Release|Any CPU
		{7DA729CA-9A0E-4DA3-9E28-50BBD701E7A5}.Debug|Any CPU.ActiveCfg = Debug|Any CPU
		{7DA729CA-9A0E-4DA3-9E28-50BBD701E7A5}.Debug|Any CPU.Build.0 = Debug|Any CPU
		{7DA729CA-9A0E-4DA3-9E28-50BBD701E7A5}.Release|Any CPU.ActiveCfg = Release|Any CPU
		{7DA729CA-9A0E-4DA3-9E28-50BBD701E7A5}.Release|Any CPU.Build.0 = Release|Any CPU
	EndGlobalSection
	GlobalSection(SolutionProperties) = preSolution
		HideSolutionNode = FALSE
	EndGlobalSection
EndGlobal
